// !$*UTF8*$!
{
	archiveVersion = 1;
	classes = {
	};
	objectVersion = 51;
	objects = {

/* Begin PBXBuildFile section */
		6ABA8DE1565F7E9831A0FDFE /* Pods_interval_intervalUITests.framework in Frameworks */ = {isa = PBXBuildFile; fileRef = D9A8C52532B3556881710970 /* Pods_interval_intervalUITests.framework */; };
		7381D4AA24D82459003C004F /* AppDelegate.swift in Sources */ = {isa = PBXBuildFile; fileRef = 7381D4A924D82459003C004F /* AppDelegate.swift */; };
		7381D4AC24D82459003C004F /* SceneDelegate.swift in Sources */ = {isa = PBXBuildFile; fileRef = 7381D4AB24D82459003C004F /* SceneDelegate.swift */; };
		7381D4AE24D82459003C004F /* ViewController.swift in Sources */ = {isa = PBXBuildFile; fileRef = 7381D4AD24D82459003C004F /* ViewController.swift */; };
		7381D4B124D82459003C004F /* Main.storyboard in Resources */ = {isa = PBXBuildFile; fileRef = 7381D4AF24D82459003C004F /* Main.storyboard */; };
		7381D4B324D8245D003C004F /* Assets.xcassets in Resources */ = {isa = PBXBuildFile; fileRef = 7381D4B224D8245D003C004F /* Assets.xcassets */; };
		7381D4B624D8245D003C004F /* LaunchScreen.storyboard in Resources */ = {isa = PBXBuildFile; fileRef = 7381D4B424D8245D003C004F /* LaunchScreen.storyboard */; };
		7381D4C124D8245D003C004F /* intervalTests.swift in Sources */ = {isa = PBXBuildFile; fileRef = 7381D4C024D8245D003C004F /* intervalTests.swift */; };
		7381D4CC24D8245D003C004F /* intervalUITests.swift in Sources */ = {isa = PBXBuildFile; fileRef = 7381D4CB24D8245D003C004F /* intervalUITests.swift */; };
		7381D4DA24E14909003C004F /* addSet.swift in Sources */ = {isa = PBXBuildFile; fileRef = 7381D4D924E14909003C004F /* addSet.swift */; };
		73D399F9251767BF00D00FFA /* GoogleService-Info.plist in Resources */ = {isa = PBXBuildFile; fileRef = 73D399F8251767BF00D00FFA /* GoogleService-Info.plist */; };
		73FFF8E224E4F6E0005950FF /* login.swift in Sources */ = {isa = PBXBuildFile; fileRef = 73FFF8E124E4F6E0005950FF /* login.swift */; };
		73FFF8E424E4F70B005950FF /* signup.swift in Sources */ = {isa = PBXBuildFile; fileRef = 73FFF8E324E4F70B005950FF /* signup.swift */; };
		922AD1512AFD62E91417380E /* Pods_interval.framework in Frameworks */ = {isa = PBXBuildFile; fileRef = 6BEDC38E69CD10CB5576B6EE /* Pods_interval.framework */; };
		C9472551C480BF7F735F14B8 /* Pods_intervalTests.framework in Frameworks */ = {isa = PBXBuildFile; fileRef = 4A04EF46EC9AED72A24EC221 /* Pods_intervalTests.framework */; };
/* End PBXBuildFile section */

/* Begin PBXContainerItemProxy section */
		7381D4BD24D8245D003C004F /* PBXContainerItemProxy */ = {
			isa = PBXContainerItemProxy;
			containerPortal = 7381D49E24D82458003C004F /* Project object */;
			proxyType = 1;
			remoteGlobalIDString = 7381D4A524D82459003C004F;
			remoteInfo = interval;
		};
		7381D4C824D8245D003C004F /* PBXContainerItemProxy */ = {
			isa = PBXContainerItemProxy;
			containerPortal = 7381D49E24D82458003C004F /* Project object */;
			proxyType = 1;
			remoteGlobalIDString = 7381D4A524D82459003C004F;
			remoteInfo = interval;
		};
/* End PBXContainerItemProxy section */

/* Begin PBXFileReference section */
		00EB0971543FDC164B9471A2 /* Pods-intervalTests.release.xcconfig */ = {isa = PBXFileReference; includeInIndex = 1; lastKnownFileType = text.xcconfig; name = "Pods-intervalTests.release.xcconfig"; path = "Target Support Files/Pods-intervalTests/Pods-intervalTests.release.xcconfig"; sourceTree = "<group>"; };
		1FD3C0B98E27E96797630396 /* Pods-intervalTests.debug.xcconfig */ = {isa = PBXFileReference; includeInIndex = 1; lastKnownFileType = text.xcconfig; name = "Pods-intervalTests.debug.xcconfig"; path = "Target Support Files/Pods-intervalTests/Pods-intervalTests.debug.xcconfig"; sourceTree = "<group>"; };
		498E3A497FD919ECD9729B94 /* Pods-interval.debug.xcconfig */ = {isa = PBXFileReference; includeInIndex = 1; lastKnownFileType = text.xcconfig; name = "Pods-interval.debug.xcconfig"; path = "Target Support Files/Pods-interval/Pods-interval.debug.xcconfig"; sourceTree = "<group>"; };
		4A04EF46EC9AED72A24EC221 /* Pods_intervalTests.framework */ = {isa = PBXFileReference; explicitFileType = wrapper.framework; includeInIndex = 0; path = Pods_intervalTests.framework; sourceTree = BUILT_PRODUCTS_DIR; };
		5C5E244E50A40A3B96E7B506 /* Pods-interval-intervalUITests.debug.xcconfig */ = {isa = PBXFileReference; includeInIndex = 1; lastKnownFileType = text.xcconfig; name = "Pods-interval-intervalUITests.debug.xcconfig"; path = "Target Support Files/Pods-interval-intervalUITests/Pods-interval-intervalUITests.debug.xcconfig"; sourceTree = "<group>"; };
		6BEDC38E69CD10CB5576B6EE /* Pods_interval.framework */ = {isa = PBXFileReference; explicitFileType = wrapper.framework; includeInIndex = 0; path = Pods_interval.framework; sourceTree = BUILT_PRODUCTS_DIR; };
		7381D4A624D82459003C004F /* interval.app */ = {isa = PBXFileReference; explicitFileType = wrapper.application; includeInIndex = 0; path = interval.app; sourceTree = BUILT_PRODUCTS_DIR; };
		7381D4A924D82459003C004F /* AppDelegate.swift */ = {isa = PBXFileReference; lastKnownFileType = sourcecode.swift; path = AppDelegate.swift; sourceTree = "<group>"; };
		7381D4AB24D82459003C004F /* SceneDelegate.swift */ = {isa = PBXFileReference; lastKnownFileType = sourcecode.swift; path = SceneDelegate.swift; sourceTree = "<group>"; };
		7381D4AD24D82459003C004F /* ViewController.swift */ = {isa = PBXFileReference; lastKnownFileType = sourcecode.swift; path = ViewController.swift; sourceTree = "<group>"; };
		7381D4B024D82459003C004F /* Base */ = {isa = PBXFileReference; lastKnownFileType = file.storyboard; name = Base; path = Base.lproj/Main.storyboard; sourceTree = "<group>"; };
		7381D4B224D8245D003C004F /* Assets.xcassets */ = {isa = PBXFileReference; lastKnownFileType = folder.assetcatalog; path = Assets.xcassets; sourceTree = "<group>"; };
		7381D4B524D8245D003C004F /* Base */ = {isa = PBXFileReference; lastKnownFileType = file.storyboard; name = Base; path = Base.lproj/LaunchScreen.storyboard; sourceTree = "<group>"; };
		7381D4B724D8245D003C004F /* Info.plist */ = {isa = PBXFileReference; lastKnownFileType = text.plist.xml; path = Info.plist; sourceTree = "<group>"; };
		7381D4BC24D8245D003C004F /* intervalTests.xctest */ = {isa = PBXFileReference; explicitFileType = wrapper.cfbundle; includeInIndex = 0; path = intervalTests.xctest; sourceTree = BUILT_PRODUCTS_DIR; };
		7381D4C024D8245D003C004F /* intervalTests.swift */ = {isa = PBXFileReference; lastKnownFileType = sourcecode.swift; path = intervalTests.swift; sourceTree = "<group>"; };
		7381D4C224D8245D003C004F /* Info.plist */ = {isa = PBXFileReference; lastKnownFileType = text.plist.xml; path = Info.plist; sourceTree = "<group>"; };
		7381D4C724D8245D003C004F /* intervalUITests.xctest */ = {isa = PBXFileReference; explicitFileType = wrapper.cfbundle; includeInIndex = 0; path = intervalUITests.xctest; sourceTree = BUILT_PRODUCTS_DIR; };
		7381D4CB24D8245D003C004F /* intervalUITests.swift */ = {isa = PBXFileReference; lastKnownFileType = sourcecode.swift; path = intervalUITests.swift; sourceTree = "<group>"; };
		7381D4CD24D8245D003C004F /* Info.plist */ = {isa = PBXFileReference; lastKnownFileType = text.plist.xml; path = Info.plist; sourceTree = "<group>"; };
		7381D4D924E14909003C004F /* addSet.swift */ = {isa = PBXFileReference; lastKnownFileType = sourcecode.swift; path = addSet.swift; sourceTree = "<group>"; };
		73D399F8251767BF00D00FFA /* GoogleService-Info.plist */ = {isa = PBXFileReference; fileEncoding = 4; lastKnownFileType = text.plist.xml; name = "GoogleService-Info.plist"; path = "../../../../Downloads/GoogleService-Info.plist"; sourceTree = "<group>"; };
		73FFF8E124E4F6E0005950FF /* login.swift */ = {isa = PBXFileReference; lastKnownFileType = sourcecode.swift; path = login.swift; sourceTree = "<group>"; };
		73FFF8E324E4F70B005950FF /* signup.swift */ = {isa = PBXFileReference; lastKnownFileType = sourcecode.swift; path = signup.swift; sourceTree = "<group>"; };
		D9A8C52532B3556881710970 /* Pods_interval_intervalUITests.framework */ = {isa = PBXFileReference; explicitFileType = wrapper.framework; includeInIndex = 0; path = Pods_interval_intervalUITests.framework; sourceTree = BUILT_PRODUCTS_DIR; };
		DF53FA5575B27EF32F662775 /* Pods-interval-intervalUITests.release.xcconfig */ = {isa = PBXFileReference; includeInIndex = 1; lastKnownFileType = text.xcconfig; name = "Pods-interval-intervalUITests.release.xcconfig"; path = "Target Support Files/Pods-interval-intervalUITests/Pods-interval-intervalUITests.release.xcconfig"; sourceTree = "<group>"; };
		FB124389F8C385EBE742D631 /* Pods-interval.release.xcconfig */ = {isa = PBXFileReference; includeInIndex = 1; lastKnownFileType = text.xcconfig; name = "Pods-interval.release.xcconfig"; path = "Target Support Files/Pods-interval/Pods-interval.release.xcconfig"; sourceTree = "<group>"; };
/* End PBXFileReference section */

/* Begin PBXFrameworksBuildPhase section */
		7381D4A324D82459003C004F /* Frameworks */ = {
			isa = PBXFrameworksBuildPhase;
			buildActionMask = 2147483647;
			files = (
				922AD1512AFD62E91417380E /* Pods_interval.framework in Frameworks */,
			);
			runOnlyForDeploymentPostprocessing = 0;
		};
		7381D4B924D8245D003C004F /* Frameworks */ = {
			isa = PBXFrameworksBuildPhase;
			buildActionMask = 2147483647;
			files = (
				C9472551C480BF7F735F14B8 /* Pods_intervalTests.framework in Frameworks */,
			);
			runOnlyForDeploymentPostprocessing = 0;
		};
		7381D4C424D8245D003C004F /* Frameworks */ = {
			isa = PBXFrameworksBuildPhase;
			buildActionMask = 2147483647;
			files = (
				6ABA8DE1565F7E9831A0FDFE /* Pods_interval_intervalUITests.framework in Frameworks */,
			);
			runOnlyForDeploymentPostprocessing = 0;
		};
/* End PBXFrameworksBuildPhase section */

/* Begin PBXGroup section */
		459A978281898BF4C5C688F2 /* Frameworks */ = {
			isa = PBXGroup;
			children = (
				6BEDC38E69CD10CB5576B6EE /* Pods_interval.framework */,
				D9A8C52532B3556881710970 /* Pods_interval_intervalUITests.framework */,
				4A04EF46EC9AED72A24EC221 /* Pods_intervalTests.framework */,
			);
			name = Frameworks;
			sourceTree = "<group>";
		};
		7381D49D24D82458003C004F = {
			isa = PBXGroup;
			children = (
				7381D4A824D82459003C004F /* interval */,
				7381D4BF24D8245D003C004F /* intervalTests */,
				7381D4CA24D8245D003C004F /* intervalUITests */,
				7381D4A724D82459003C004F /* Products */,
				BEA642C61F3510E7DA562201 /* Pods */,
				459A978281898BF4C5C688F2 /* Frameworks */,
			);
			sourceTree = "<group>";
		};
		7381D4A724D82459003C004F /* Products */ = {
			isa = PBXGroup;
			children = (
				7381D4A624D82459003C004F /* interval.app */,
				7381D4BC24D8245D003C004F /* intervalTests.xctest */,
				7381D4C724D8245D003C004F /* intervalUITests.xctest */,
			);
			name = Products;
			sourceTree = "<group>";
		};
		7381D4A824D82459003C004F /* interval */ = {
			isa = PBXGroup;
			children = (
				7381D4A924D82459003C004F /* AppDelegate.swift */,
				7381D4AB24D82459003C004F /* SceneDelegate.swift */,
				7381D4AD24D82459003C004F /* ViewController.swift */,
				7381D4AF24D82459003C004F /* Main.storyboard */,
				73FFF8E324E4F70B005950FF /* signup.swift */,
				73FFF8E124E4F6E0005950FF /* login.swift */,
				7381D4D924E14909003C004F /* addSet.swift */,
				7381D4B224D8245D003C004F /* Assets.xcassets */,
				73D399F8251767BF00D00FFA /* GoogleService-Info.plist */,
				7381D4B424D8245D003C004F /* LaunchScreen.storyboard */,
				7381D4B724D8245D003C004F /* Info.plist */,
			);
			path = interval;
			sourceTree = "<group>";
		};
		7381D4BF24D8245D003C004F /* intervalTests */ = {
			isa = PBXGroup;
			children = (
				7381D4C024D8245D003C004F /* intervalTests.swift */,
				7381D4C224D8245D003C004F /* Info.plist */,
			);
			path = intervalTests;
			sourceTree = "<group>";
		};
		7381D4CA24D8245D003C004F /* intervalUITests */ = {
			isa = PBXGroup;
			children = (
				7381D4CB24D8245D003C004F /* intervalUITests.swift */,
				7381D4CD24D8245D003C004F /* Info.plist */,
			);
			path = intervalUITests;
			sourceTree = "<group>";
		};
		BEA642C61F3510E7DA562201 /* Pods */ = {
			isa = PBXGroup;
			children = (
				498E3A497FD919ECD9729B94 /* Pods-interval.debug.xcconfig */,
				FB124389F8C385EBE742D631 /* Pods-interval.release.xcconfig */,
				5C5E244E50A40A3B96E7B506 /* Pods-interval-intervalUITests.debug.xcconfig */,
				DF53FA5575B27EF32F662775 /* Pods-interval-intervalUITests.release.xcconfig */,
				1FD3C0B98E27E96797630396 /* Pods-intervalTests.debug.xcconfig */,
				00EB0971543FDC164B9471A2 /* Pods-intervalTests.release.xcconfig */,
			);
			path = Pods;
			sourceTree = "<group>";
		};
/* End PBXGroup section */

/* Begin PBXNativeTarget section */
		7381D4A524D82459003C004F /* interval */ = {
			isa = PBXNativeTarget;
			buildConfigurationList = 7381D4D024D8245D003C004F /* Build configuration list for PBXNativeTarget "interval" */;
			buildPhases = (
				64D5C81E3037A5F8C945255D /* [CP] Check Pods Manifest.lock */,
				7381D4A224D82459003C004F /* Sources */,
				7381D4A324D82459003C004F /* Frameworks */,
				7381D4A424D82459003C004F /* Resources */,
				CBA290AA4913D140AD4ADAA5 /* [CP] Embed Pods Frameworks */,
			);
			buildRules = (
			);
			dependencies = (
			);
			name = interval;
			productName = interval;
			productReference = 7381D4A624D82459003C004F /* interval.app */;
			productType = "com.apple.product-type.application";
		};
		7381D4BB24D8245D003C004F /* intervalTests */ = {
			isa = PBXNativeTarget;
			buildConfigurationList = 7381D4D324D8245D003C004F /* Build configuration list for PBXNativeTarget "intervalTests" */;
			buildPhases = (
				39848D47D04FAA9037617D2B /* [CP] Check Pods Manifest.lock */,
				7381D4B824D8245D003C004F /* Sources */,
				7381D4B924D8245D003C004F /* Frameworks */,
				7381D4BA24D8245D003C004F /* Resources */,
			);
			buildRules = (
			);
			dependencies = (
				7381D4BE24D8245D003C004F /* PBXTargetDependency */,
			);
			name = intervalTests;
			productName = intervalTests;
			productReference = 7381D4BC24D8245D003C004F /* intervalTests.xctest */;
			productType = "com.apple.product-type.bundle.unit-test";
		};
		7381D4C624D8245D003C004F /* intervalUITests */ = {
			isa = PBXNativeTarget;
			buildConfigurationList = 7381D4D624D8245D003C004F /* Build configuration list for PBXNativeTarget "intervalUITests" */;
			buildPhases = (
				E889F6A9D483C77933973765 /* [CP] Check Pods Manifest.lock */,
				7381D4C324D8245D003C004F /* Sources */,
				7381D4C424D8245D003C004F /* Frameworks */,
				7381D4C524D8245D003C004F /* Resources */,
				204C0D8BDCA23FD14BCF4754 /* [CP] Embed Pods Frameworks */,
			);
			buildRules = (
			);
			dependencies = (
				7381D4C924D8245D003C004F /* PBXTargetDependency */,
			);
			name = intervalUITests;
			productName = intervalUITests;
			productReference = 7381D4C724D8245D003C004F /* intervalUITests.xctest */;
			productType = "com.apple.product-type.bundle.ui-testing";
		};
/* End PBXNativeTarget section */

/* Begin PBXProject section */
		7381D49E24D82458003C004F /* Project object */ = {
			isa = PBXProject;
			attributes = {
				LastSwiftUpdateCheck = 1160;
				LastUpgradeCheck = 1160;
				ORGANIZATIONNAME = "笹倉一也";
				TargetAttributes = {
					7381D4A524D82459003C004F = {
						CreatedOnToolsVersion = 11.6;
					};
					7381D4BB24D8245D003C004F = {
						CreatedOnToolsVersion = 11.6;
						TestTargetID = 7381D4A524D82459003C004F;
					};
					7381D4C624D8245D003C004F = {
						CreatedOnToolsVersion = 11.6;
						TestTargetID = 7381D4A524D82459003C004F;
					};
				};
			};
			buildConfigurationList = 7381D4A124D82458003C004F /* Build configuration list for PBXProject "interval" */;
			compatibilityVersion = "Xcode 9.3";
			developmentRegion = en;
			hasScannedForEncodings = 0;
			knownRegions = (
				en,
				Base,
			);
			mainGroup = 7381D49D24D82458003C004F;
			productRefGroup = 7381D4A724D82459003C004F /* Products */;
			projectDirPath = "";
			projectRoot = "";
			targets = (
				7381D4A524D82459003C004F /* interval */,
				7381D4BB24D8245D003C004F /* intervalTests */,
				7381D4C624D8245D003C004F /* intervalUITests */,
			);
		};
/* End PBXProject section */

/* Begin PBXResourcesBuildPhase section */
		7381D4A424D82459003C004F /* Resources */ = {
			isa = PBXResourcesBuildPhase;
			buildActionMask = 2147483647;
			files = (
				7381D4B624D8245D003C004F /* LaunchScreen.storyboard in Resources */,
				73D399F9251767BF00D00FFA /* GoogleService-Info.plist in Resources */,
				7381D4B324D8245D003C004F /* Assets.xcassets in Resources */,
				7381D4B124D82459003C004F /* Main.storyboard in Resources */,
			);
			runOnlyForDeploymentPostprocessing = 0;
		};
		7381D4BA24D8245D003C004F /* Resources */ = {
			isa = PBXResourcesBuildPhase;
			buildActionMask = 2147483647;
			files = (
			);
			runOnlyForDeploymentPostprocessing = 0;
		};
		7381D4C524D8245D003C004F /* Resources */ = {
			isa = PBXResourcesBuildPhase;
			buildActionMask = 2147483647;
			files = (
			);
			runOnlyForDeploymentPostprocessing = 0;
		};
/* End PBXResourcesBuildPhase section */

/* Begin PBXShellScriptBuildPhase section */
		204C0D8BDCA23FD14BCF4754 /* [CP] Embed Pods Frameworks */ = {
			isa = PBXShellScriptBuildPhase;
			buildActionMask = 2147483647;
			files = (
			);
			inputFileListPaths = (
				"${PODS_ROOT}/Target Support Files/Pods-interval-intervalUITests/Pods-interval-intervalUITests-frameworks-${CONFIGURATION}-input-files.xcfilelist",
			);
			name = "[CP] Embed Pods Frameworks";
			outputFileListPaths = (
				"${PODS_ROOT}/Target Support Files/Pods-interval-intervalUITests/Pods-interval-intervalUITests-frameworks-${CONFIGURATION}-output-files.xcfilelist",
			);
			runOnlyForDeploymentPostprocessing = 0;
			shellPath = /bin/sh;
			shellScript = "\"${PODS_ROOT}/Target Support Files/Pods-interval-intervalUITests/Pods-interval-intervalUITests-frameworks.sh\"\n";
			showEnvVarsInLog = 0;
		};
		39848D47D04FAA9037617D2B /* [CP] Check Pods Manifest.lock */ = {
			isa = PBXShellScriptBuildPhase;
			buildActionMask = 2147483647;
			files = (
			);
			inputFileListPaths = (
			);
			inputPaths = (
				"${PODS_PODFILE_DIR_PATH}/Podfile.lock",
				"${PODS_ROOT}/Manifest.lock",
			);
			name = "[CP] Check Pods Manifest.lock";
			outputFileListPaths = (
			);
			outputPaths = (
				"$(DERIVED_FILE_DIR)/Pods-intervalTests-checkManifestLockResult.txt",
			);
			runOnlyForDeploymentPostprocessing = 0;
			shellPath = /bin/sh;
			shellScript = "diff \"${PODS_PODFILE_DIR_PATH}/Podfile.lock\" \"${PODS_ROOT}/Manifest.lock\" > /dev/null\nif [ $? != 0 ] ; then\n    # print error to STDERR\n    echo \"error: The sandbox is not in sync with the Podfile.lock. Run 'pod install' or update your CocoaPods installation.\" >&2\n    exit 1\nfi\n# This output is used by Xcode 'outputs' to avoid re-running this script phase.\necho \"SUCCESS\" > \"${SCRIPT_OUTPUT_FILE_0}\"\n";
			showEnvVarsInLog = 0;
		};
		64D5C81E3037A5F8C945255D /* [CP] Check Pods Manifest.lock */ = {
			isa = PBXShellScriptBuildPhase;
			buildActionMask = 2147483647;
			files = (
			);
			inputFileListPaths = (
			);
			inputPaths = (
				"${PODS_PODFILE_DIR_PATH}/Podfile.lock",
				"${PODS_ROOT}/Manifest.lock",
			);
			name = "[CP] Check Pods Manifest.lock";
			outputFileListPaths = (
			);
			outputPaths = (
				"$(DERIVED_FILE_DIR)/Pods-interval-checkManifestLockResult.txt",
			);
			runOnlyForDeploymentPostprocessing = 0;
			shellPath = /bin/sh;
			shellScript = "diff \"${PODS_PODFILE_DIR_PATH}/Podfile.lock\" \"${PODS_ROOT}/Manifest.lock\" > /dev/null\nif [ $? != 0 ] ; then\n    # print error to STDERR\n    echo \"error: The sandbox is not in sync with the Podfile.lock. Run 'pod install' or update your CocoaPods installation.\" >&2\n    exit 1\nfi\n# This output is used by Xcode 'outputs' to avoid re-running this script phase.\necho \"SUCCESS\" > \"${SCRIPT_OUTPUT_FILE_0}\"\n";
			showEnvVarsInLog = 0;
		};
		CBA290AA4913D140AD4ADAA5 /* [CP] Embed Pods Frameworks */ = {
			isa = PBXShellScriptBuildPhase;
			buildActionMask = 2147483647;
			files = (
			);
			inputFileListPaths = (
				"${PODS_ROOT}/Target Support Files/Pods-interval/Pods-interval-frameworks-${CONFIGURATION}-input-files.xcfilelist",
			);
			name = "[CP] Embed Pods Frameworks";
			outputFileListPaths = (
				"${PODS_ROOT}/Target Support Files/Pods-interval/Pods-interval-frameworks-${CONFIGURATION}-output-files.xcfilelist",
			);
			runOnlyForDeploymentPostprocessing = 0;
			shellPath = /bin/sh;
			shellScript = "\"${PODS_ROOT}/Target Support Files/Pods-interval/Pods-interval-frameworks.sh\"\n";
			showEnvVarsInLog = 0;
		};
		E889F6A9D483C77933973765 /* [CP] Check Pods Manifest.lock */ = {
			isa = PBXShellScriptBuildPhase;
			buildActionMask = 2147483647;
			files = (
			);
			inputFileListPaths = (
			);
			inputPaths = (
				"${PODS_PODFILE_DIR_PATH}/Podfile.lock",
				"${PODS_ROOT}/Manifest.lock",
			);
			name = "[CP] Check Pods Manifest.lock";
			outputFileListPaths = (
			);
			outputPaths = (
				"$(DERIVED_FILE_DIR)/Pods-interval-intervalUITests-checkManifestLockResult.txt",
			);
			runOnlyForDeploymentPostprocessing = 0;
			shellPath = /bin/sh;
			shellScript = "diff \"${PODS_PODFILE_DIR_PATH}/Podfile.lock\" \"${PODS_ROOT}/Manifest.lock\" > /dev/null\nif [ $? != 0 ] ; then\n    # print error to STDERR\n    echo \"error: The sandbox is not in sync with the Podfile.lock. Run 'pod install' or update your CocoaPods installation.\" >&2\n    exit 1\nfi\n# This output is used by Xcode 'outputs' to avoid re-running this script phase.\necho \"SUCCESS\" > \"${SCRIPT_OUTPUT_FILE_0}\"\n";
			showEnvVarsInLog = 0;
		};
/* End PBXShellScriptBuildPhase section */

/* Begin PBXSourcesBuildPhase section */
		7381D4A224D82459003C004F /* Sources */ = {
			isa = PBXSourcesBuildPhase;
			buildActionMask = 2147483647;
			files = (
				7381D4DA24E14909003C004F /* addSet.swift in Sources */,
				73FFF8E224E4F6E0005950FF /* login.swift in Sources */,
				7381D4AE24D82459003C004F /* ViewController.swift in Sources */,
				73FFF8E424E4F70B005950FF /* signup.swift in Sources */,
				7381D4AA24D82459003C004F /* AppDelegate.swift in Sources */,
				7381D4AC24D82459003C004F /* SceneDelegate.swift in Sources */,
			);
			runOnlyForDeploymentPostprocessing = 0;
		};
		7381D4B824D8245D003C004F /* Sources */ = {
			isa = PBXSourcesBuildPhase;
			buildActionMask = 2147483647;
			files = (
				7381D4C124D8245D003C004F /* intervalTests.swift in Sources */,
			);
			runOnlyForDeploymentPostprocessing = 0;
		};
		7381D4C324D8245D003C004F /* Sources */ = {
			isa = PBXSourcesBuildPhase;
			buildActionMask = 2147483647;
			files = (
				7381D4CC24D8245D003C004F /* intervalUITests.swift in Sources */,
			);
			runOnlyForDeploymentPostprocessing = 0;
		};
/* End PBXSourcesBuildPhase section */

/* Begin PBXTargetDependency section */
		7381D4BE24D8245D003C004F /* PBXTargetDependency */ = {
			isa = PBXTargetDependency;
			target = 7381D4A524D82459003C004F /* interval */;
			targetProxy = 7381D4BD24D8245D003C004F /* PBXContainerItemProxy */;
		};
		7381D4C924D8245D003C004F /* PBXTargetDependency */ = {
			isa = PBXTargetDependency;
			target = 7381D4A524D82459003C004F /* interval */;
			targetProxy = 7381D4C824D8245D003C004F /* PBXContainerItemProxy */;
		};
/* End PBXTargetDependency section */

/* Begin PBXVariantGroup section */
		7381D4AF24D82459003C004F /* Main.storyboard */ = {
			isa = PBXVariantGroup;
			children = (
				7381D4B024D82459003C004F /* Base */,
			);
			name = Main.storyboard;
			sourceTree = "<group>";
		};
		7381D4B424D8245D003C004F /* LaunchScreen.storyboard */ = {
			isa = PBXVariantGroup;
			children = (
				7381D4B524D8245D003C004F /* Base */,
			);
			name = LaunchScreen.storyboard;
			sourceTree = "<group>";
		};
/* End PBXVariantGroup section */

/* Begin XCBuildConfiguration section */
		7381D4CE24D8245D003C004F /* Debug */ = {
			isa = XCBuildConfiguration;
			buildSettings = {
				ALWAYS_SEARCH_USER_PATHS = NO;
				CLANG_ANALYZER_NONNULL = YES;
				CLANG_ANALYZER_NUMBER_OBJECT_CONVERSION = YES_AGGRESSIVE;
				CLANG_CXX_LANGUAGE_STANDARD = "gnu++14";
				CLANG_CXX_LIBRARY = "libc++";
				CLANG_ENABLE_MODULES = YES;
				CLANG_ENABLE_OBJC_ARC = YES;
				CLANG_ENABLE_OBJC_WEAK = YES;
				CLANG_WARN_BLOCK_CAPTURE_AUTORELEASING = YES;
				CLANG_WARN_BOOL_CONVERSION = YES;
				CLANG_WARN_COMMA = YES;
				CLANG_WARN_CONSTANT_CONVERSION = YES;
				CLANG_WARN_DEPRECATED_OBJC_IMPLEMENTATIONS = YES;
				CLANG_WARN_DIRECT_OBJC_ISA_USAGE = YES_ERROR;
				CLANG_WARN_DOCUMENTATION_COMMENTS = YES;
				CLANG_WARN_EMPTY_BODY = YES;
				CLANG_WARN_ENUM_CONVERSION = YES;
				CLANG_WARN_INFINITE_RECURSION = YES;
				CLANG_WARN_INT_CONVERSION = YES;
				CLANG_WARN_NON_LITERAL_NULL_CONVERSION = YES;
				CLANG_WARN_OBJC_IMPLICIT_RETAIN_SELF = YES;
				CLANG_WARN_OBJC_LITERAL_CONVERSION = YES;
				CLANG_WARN_OBJC_ROOT_CLASS = YES_ERROR;
				CLANG_WARN_RANGE_LOOP_ANALYSIS = YES;
				CLANG_WARN_STRICT_PROTOTYPES = YES;
				CLANG_WARN_SUSPICIOUS_MOVE = YES;
				CLANG_WARN_UNGUARDED_AVAILABILITY = YES_AGGRESSIVE;
				CLANG_WARN_UNREACHABLE_CODE = YES;
				CLANG_WARN__DUPLICATE_METHOD_MATCH = YES;
				COPY_PHASE_STRIP = NO;
				DEBUG_INFORMATION_FORMAT = dwarf;
				ENABLE_STRICT_OBJC_MSGSEND = YES;
				ENABLE_TESTABILITY = YES;
				GCC_C_LANGUAGE_STANDARD = gnu11;
				GCC_DYNAMIC_NO_PIC = NO;
				GCC_NO_COMMON_BLOCKS = YES;
				GCC_OPTIMIZATION_LEVEL = 0;
				GCC_PREPROCESSOR_DEFINITIONS = (
					"DEBUG=1",
					"$(inherited)",
				);
				GCC_WARN_64_TO_32_BIT_CONVERSION = YES;
				GCC_WARN_ABOUT_RETURN_TYPE = YES_ERROR;
				GCC_WARN_UNDECLARED_SELECTOR = YES;
				GCC_WARN_UNINITIALIZED_AUTOS = YES_AGGRESSIVE;
				GCC_WARN_UNUSED_FUNCTION = YES;
				GCC_WARN_UNUSED_VARIABLE = YES;
				IPHONEOS_DEPLOYMENT_TARGET = 13.6;
				MTL_ENABLE_DEBUG_INFO = INCLUDE_SOURCE;
				MTL_FAST_MATH = YES;
				ONLY_ACTIVE_ARCH = YES;
				SDKROOT = iphoneos;
				SWIFT_ACTIVE_COMPILATION_CONDITIONS = DEBUG;
				SWIFT_OPTIMIZATION_LEVEL = "-Onone";
			};
			name = Debug;
		};
		7381D4CF24D8245D003C004F /* Release */ = {
			isa = XCBuildConfiguration;
			buildSettings = {
				ALWAYS_SEARCH_USER_PATHS = NO;
				CLANG_ANALYZER_NONNULL = YES;
				CLANG_ANALYZER_NUMBER_OBJECT_CONVERSION = YES_AGGRESSIVE;
				CLANG_CXX_LANGUAGE_STANDARD = "gnu++14";
				CLANG_CXX_LIBRARY = "libc++";
				CLANG_ENABLE_MODULES = YES;
				CLANG_ENABLE_OBJC_ARC = YES;
				CLANG_ENABLE_OBJC_WEAK = YES;
				CLANG_WARN_BLOCK_CAPTURE_AUTORELEASING = YES;
				CLANG_WARN_BOOL_CONVERSION = YES;
				CLANG_WARN_COMMA = YES;
				CLANG_WARN_CONSTANT_CONVERSION = YES;
				CLANG_WARN_DEPRECATED_OBJC_IMPLEMENTATIONS = YES;
				CLANG_WARN_DIRECT_OBJC_ISA_USAGE = YES_ERROR;
				CLANG_WARN_DOCUMENTATION_COMMENTS = YES;
				CLANG_WARN_EMPTY_BODY = YES;
				CLANG_WARN_ENUM_CONVERSION = YES;
				CLANG_WARN_INFINITE_RECURSION = YES;
				CLANG_WARN_INT_CONVERSION = YES;
				CLANG_WARN_NON_LITERAL_NULL_CONVERSION = YES;
				CLANG_WARN_OBJC_IMPLICIT_RETAIN_SELF = YES;
				CLANG_WARN_OBJC_LITERAL_CONVERSION = YES;
				CLANG_WARN_OBJC_ROOT_CLASS = YES_ERROR;
				CLANG_WARN_RANGE_LOOP_ANALYSIS = YES;
				CLANG_WARN_STRICT_PROTOTYPES = YES;
				CLANG_WARN_SUSPICIOUS_MOVE = YES;
				CLANG_WARN_UNGUARDED_AVAILABILITY = YES_AGGRESSIVE;
				CLANG_WARN_UNREACHABLE_CODE = YES;
				CLANG_WARN__DUPLICATE_METHOD_MATCH = YES;
				COPY_PHASE_STRIP = NO;
				DEBUG_INFORMATION_FORMAT = "dwarf-with-dsym";
				ENABLE_NS_ASSERTIONS = NO;
				ENABLE_STRICT_OBJC_MSGSEND = YES;
				GCC_C_LANGUAGE_STANDARD = gnu11;
				GCC_NO_COMMON_BLOCKS = YES;
				GCC_WARN_64_TO_32_BIT_CONVERSION = YES;
				GCC_WARN_ABOUT_RETURN_TYPE = YES_ERROR;
				GCC_WARN_UNDECLARED_SELECTOR = YES;
				GCC_WARN_UNINITIALIZED_AUTOS = YES_AGGRESSIVE;
				GCC_WARN_UNUSED_FUNCTION = YES;
				GCC_WARN_UNUSED_VARIABLE = YES;
				IPHONEOS_DEPLOYMENT_TARGET = 13.6;
				MTL_ENABLE_DEBUG_INFO = NO;
				MTL_FAST_MATH = YES;
				SDKROOT = iphoneos;
				SWIFT_COMPILATION_MODE = wholemodule;
				SWIFT_OPTIMIZATION_LEVEL = "-O";
				VALIDATE_PRODUCT = YES;
			};
			name = Release;
		};
		7381D4D124D8245D003C004F /* Debug */ = {
			isa = XCBuildConfiguration;
			baseConfigurationReference = 498E3A497FD919ECD9729B94 /* Pods-interval.debug.xcconfig */;
			buildSettings = {
				ASSETCATALOG_COMPILER_APPICON_NAME = AppIcon;
				CODE_SIGN_STYLE = Automatic;
				DEVELOPMENT_TEAM = VNAV5S2KU6;
				INFOPLIST_FILE = interval/Info.plist;
				LD_RUNPATH_SEARCH_PATHS = (
					"$(inherited)",
					"@executable_path/Frameworks",
				);
				PRODUCT_BUNDLE_IDENTIFIER = sasakura.company.interval;
				PRODUCT_NAME = "$(TARGET_NAME)";
				SWIFT_VERSION = 5.0;
				TARGETED_DEVICE_FAMILY = "1,2";
			};
			name = Debug;
		};
		7381D4D224D8245D003C004F /* Release */ = {
			isa = XCBuildConfiguration;
			baseConfigurationReference = FB124389F8C385EBE742D631 /* Pods-interval.release.xcconfig */;
			buildSettings = {
				ASSETCATALOG_COMPILER_APPICON_NAME = AppIcon;
				CODE_SIGN_STYLE = Automatic;
				DEVELOPMENT_TEAM = VNAV5S2KU6;
				INFOPLIST_FILE = interval/Info.plist;
				LD_RUNPATH_SEARCH_PATHS = (
					"$(inherited)",
					"@executable_path/Frameworks",
				);
				PRODUCT_BUNDLE_IDENTIFIER = sasakura.company.interval;
				PRODUCT_NAME = "$(TARGET_NAME)";
				SWIFT_VERSION = 5.0;
				TARGETED_DEVICE_FAMILY = "1,2";
			};
			name = Release;
		};
		7381D4D424D8245D003C004F /* Debug */ = {
			isa = XCBuildConfiguration;
			baseConfigurationReference = 1FD3C0B98E27E96797630396 /* Pods-intervalTests.debug.xcconfig */;
			buildSettings = {
				ALWAYS_EMBED_SWIFT_STANDARD_LIBRARIES = YES;
				BUNDLE_LOADER = "$(TEST_HOST)";
				CODE_SIGN_STYLE = Automatic;
				DEVELOPMENT_TEAM = VNAV5S2KU6;
				INFOPLIST_FILE = intervalTests/Info.plist;
				IPHONEOS_DEPLOYMENT_TARGET = 13.6;
				LD_RUNPATH_SEARCH_PATHS = (
					"$(inherited)",
					"@executable_path/Frameworks",
					"@loader_path/Frameworks",
				);
				PRODUCT_BUNDLE_IDENTIFIER = sasakura.company.intervalTests;
				PRODUCT_NAME = "$(TARGET_NAME)";
				SWIFT_VERSION = 5.0;
				TARGETED_DEVICE_FAMILY = "1,2";
				TEST_HOST = "$(BUILT_PRODUCTS_DIR)/interval.app/interval";
			};
			name = Debug;
		};
		7381D4D524D8245D003C004F /* Release */ = {
			isa = XCBuildConfiguration;
			baseConfigurationReference = 00EB0971543FDC164B9471A2 /* Pods-intervalTests.release.xcconfig */;
			buildSettings = {
				ALWAYS_EMBED_SWIFT_STANDARD_LIBRARIES = YES;
				BUNDLE_LOADER = "$(TEST_HOST)";
				CODE_SIGN_STYLE = Automatic;
				DEVELOPMENT_TEAM = VNAV5S2KU6;
				INFOPLIST_FILE = intervalTests/Info.plist;
				IPHONEOS_DEPLOYMENT_TARGET = 13.6;
				LD_RUNPATH_SEARCH_PATHS = (
					"$(inherited)",
					"@executable_path/Frameworks",
					"@loader_path/Frameworks",
				);
				PRODUCT_BUNDLE_IDENTIFIER = sasakura.company.intervalTests;
				PRODUCT_NAME = "$(TARGET_NAME)";
				SWIFT_VERSION = 5.0;
				TARGETED_DEVICE_FAMILY = "1,2";
				TEST_HOST = "$(BUILT_PRODUCTS_DIR)/interval.app/interval";
			};
			name = Release;
		};
		7381D4D724D8245D003C004F /* Debug */ = {
			isa = XCBuildConfiguration;
			baseConfigurationReference = 5C5E244E50A40A3B96E7B506 /* Pods-interval-intervalUITests.debug.xcconfig */;
			buildSettings = {
				ALWAYS_EMBED_SWIFT_STANDARD_LIBRARIES = YES;
				CODE_SIGN_STYLE = Automatic;
				DEVELOPMENT_TEAM = VNAV5S2KU6;
				INFOPLIST_FILE = intervalUITests/Info.plist;
				LD_RUNPATH_SEARCH_PATHS = (
					"$(inherited)",
					"@executable_path/Frameworks",
					"@loader_path/Frameworks",
				);
				PRODUCT_BUNDLE_IDENTIFIER = sasakura.company.intervalUITests;
				PRODUCT_NAME = "$(TARGET_NAME)";
				SWIFT_VERSION = 5.0;
				TARGETED_DEVICE_FAMILY = "1,2";
				TEST_TARGET_NAME = interval;
			};
			name = Debug;
		};
		7381D4D824D8245D003C004F /* Release */ = {
			isa = XCBuildConfiguration;
			baseConfigurationReference = DF53FA5575B27EF32F662775 /* Pods-interval-intervalUITests.release.xcconfig */;
			buildSettings = {
				ALWAYS_EMBED_SWIFT_STANDARD_LIBRARIES = YES;
				CODE_SIGN_STYLE = Automatic;
				DEVELOPMENT_TEAM = VNAV5S2KU6;
				INFOPLIST_FILE = intervalUITests/Info.plist;
				LD_RUNPATH_SEARCH_PATHS = (
					"$(inherited)",
					"@executable_path/Frameworks",
					"@loader_path/Frameworks",
				);
				PRODUCT_BUNDLE_IDENTIFIER = sasakura.company.intervalUITests;
				PRODUCT_NAME = "$(TARGET_NAME)";
				SWIFT_VERSION = 5.0;
				TARGETED_DEVICE_FAMILY = "1,2";
				TEST_TARGET_NAME = interval;
			};
			name = Release;
		};
/* End XCBuildConfiguration section */

/* Begin XCConfigurationList section */
		7381D4A124D82458003C004F /* Build configuration list for PBXProject "interval" */ = {
			isa = XCConfigurationList;
			buildConfigurations = (
				7381D4CE24D8245D003C004F /* Debug */,
				7381D4CF24D8245D003C004F /* Release */,
			);
			defaultConfigurationIsVisible = 0;
			defaultConfigurationName = Release;
		};
		7381D4D024D8245D003C004F /* Build configuration list for PBXNativeTarget "interval" */ = {
			isa = XCConfigurationList;
			buildConfigurations = (
				7381D4D124D8245D003C004F /* Debug */,
				7381D4D224D8245D003C004F /* Release */,
			);
			defaultConfigurationIsVisible = 0;
			defaultConfigurationName = Release;
		};
		7381D4D324D8245D003C004F /* Build configuration list for PBXNativeTarget "intervalTests" */ = {
			isa = XCConfigurationList;
			buildConfigurations = (
				7381D4D424D8245D003C004F /* Debug */,
				7381D4D524D8245D003C004F /* Release */,
			);
			defaultConfigurationIsVisible = 0;
			defaultConfigurationName = Release;
		};
		7381D4D624D8245D003C004F /* Build configuration list for PBXNativeTarget "intervalUITests" */ = {
			isa = XCConfigurationList;
			buildConfigurations = (
				7381D4D724D8245D003C004F /* Debug */,
				7381D4D824D8245D003C004F /* Release */,
			);
			defaultConfigurationIsVisible = 0;
			defaultConfigurationName = Release;
		};
/* End XCConfigurationList section */
	};
	rootObject = 7381D49E24D82458003C004F /* Project object */;
}
